
Microsoft Visual Studio Solution File, Format Version 12.00
# Visual Studio 15
VisualStudioVersion = 15.0.28307.1082
MinimumVisualStudioVersion = 10.0.40219.1
Project("{FAE04EC0-301F-11D3-BF4B-00C04F79EFBC}") = "AppClient", "AppClient\AppClient.csproj", "{78550576-7EEE-494D-A867-3CA64073BD6D}"
EndProject
Project("{FAE04EC0-301F-11D3-BF4B-00C04F79EFBC}") = "AppServer", "AppServer\AppServer.csproj", "{7480D9C0-E511-410D-8A1E-98AEC6ABBE59}"
EndProject
Project("{FAE04EC0-301F-11D3-BF4B-00C04F79EFBC}") = "AppShare", "AppShare\AppShare.csproj", "{F9886604-E78D-4CD6-8C1D-6AD420162BA3}"
EndProject
Project("{FAE04EC0-301F-11D3-BF4B-00C04F79EFBC}") = "AppService", "AppService\AppService.csproj", "{0BAED902-1B91-4DEE-B8BC-1F3EFB03A035}"
EndProject
Global
	GlobalSection(SolutionConfigurationPlatforms) = preSolution
		Debug|Any CPU = Debug|Any CPU
		Release|Any CPU = Release|Any CPU
	EndGlobalSection
	GlobalSection(ProjectConfigurationPlatforms) = postSolution
		{78550576-7EEE-494D-A867-3CA64073BD6D}.Debug|Any CPU.ActiveCfg = Debug|Any CPU
		{78550576-7EEE-494D-A867-3CA64073BD6D}.Debug|Any CPU.Build.0 = Debug|Any CPU
		{78550576-7EEE-494D-A867-3CA64073BD6D}.Release|Any CPU.ActiveCfg = Release|Any CPU
		{78550576-7EEE-494D-A867-3CA64073BD6D}.Release|Any CPU.Build.0 = Release|Any CPU
		{7480D9C0-E511-410D-8A1E-98AEC6ABBE59}.Debug|Any CPU.ActiveCfg = Debug|Any CPU
		{7480D9C0-E511-410D-8A1E-98AEC6ABBE59}.Debug|Any CPU.Build.0 = Debug|Any CPU
		{7480D9C0-E511-410D-8A1E-98AEC6ABBE59}.Release|Any CPU.ActiveCfg = Release|Any CPU
		{7480D9C0-E511-410D-8A1E-98AEC6ABBE59}.Release|Any CPU.Build.0 = Release|Any CPU
		{F9886604-E78D-4CD6-8C1D-6AD420162BA3}.Debug|Any CPU.ActiveCfg = Debug|Any CPU
		{F9886604-E78D-4CD6-8C1D-6AD420162BA3}.Debug|Any CPU.Build.0 = Debug|Any CPU
		{F9886604-E78D-4CD6-8C1D-6AD420162BA3}.Release|Any CPU.ActiveCfg = Release|Any CPU
		{F9886604-E78D-4CD6-8C1D-6AD420162BA3}.Release|Any CPU.Build.0 = Release|Any CPU
		{0BAED902-1B91-4DEE-B8BC-1F3EFB03A035}.Debug|Any CPU.ActiveCfg = Debug|Any CPU
		{0BAED902-1B91-4DEE-B8BC-1F3EFB03A035}.Debug|Any CPU.Build.0 = Debug|Any CPU
		{0BAED902-1B91-4DEE-B8BC-1F3EFB03A035}.Release|Any CPU.ActiveCfg = Release|Any CPU
		{0BAED902-1B91-4DEE-B8BC-1F3EFB03A035}.Release|Any CPU.Build.0 = Release|Any CPU
	EndGlobalSection
	GlobalSection(SolutionProperties) = preSolution
		HideSolutionNode = FALSE
	EndGlobalSection
	GlobalSection(ExtensibilityGlobals) = postSolution
		SolutionGuid = {F4125460-387C-4192-93A8-9D03855A55AC}
	EndGlobalSection
EndGlobal
