
Microsoft Visual Studio Solution File, Format Version 12.00
# Visual Studio 15
VisualStudioVersion = 15.0.28307.1082
MinimumVisualStudioVersion = 10.0.40219.1
Project("{FAE04EC0-301F-11D3-BF4B-00C04F79EFBC}") = "TIN415DE01-HomeworkW04-3tiers-3layers", "TIN415DE01-HomeworkW04-3tiers-3layers\TIN415DE01-HomeworkW04-3tiers-3layers.csproj", "{14F163A4-2433-4030-8AE7-C93BA9D6AFDA}"
EndProject
Global
	GlobalSection(SolutionConfigurationPlatforms) = preSolution
		Debug|Any CPU = Debug|Any CPU
		Release|Any CPU = Release|Any CPU
	EndGlobalSection
	GlobalSection(ProjectConfigurationPlatforms) = postSolution
		{14F163A4-2433-4030-8AE7-C93BA9D6AFDA}.Debug|Any CPU.ActiveCfg = Debug|Any CPU
		{14F163A4-2433-4030-8AE7-C93BA9D6AFDA}.Debug|Any CPU.Build.0 = Debug|Any CPU
		{14F163A4-2433-4030-8AE7-C93BA9D6AFDA}.Release|Any CPU.ActiveCfg = Release|Any CPU
		{14F163A4-2433-4030-8AE7-C93BA9D6AFDA}.Release|Any CPU.Build.0 = Release|Any CPU
	EndGlobalSection
	GlobalSection(SolutionProperties) = preSolution
		HideSolutionNode = FALSE
	EndGlobalSection
	GlobalSection(ExtensibilityGlobals) = postSolution
		SolutionGuid = {812CD47B-4930-4FC4-B9B3-CD775650FE03}
	EndGlobalSection
EndGlobal
