
Microsoft Visual Studio Solution File, Format Version 12.00
# Visual Studio 15
VisualStudioVersion = 15.0.28307.1062
MinimumVisualStudioVersion = 10.0.40219.1
Project("{FAE04EC0-301F-11D3-BF4B-00C04F79EFBC}") = "TIN415DE01-HomeworkW03", "TIN415DE01-HomeworkW03\TIN415DE01-HomeworkW03.csproj", "{50756F4B-F128-4F56-B03C-5B110FE403AF}"
EndProject
Global
	GlobalSection(SolutionConfigurationPlatforms) = preSolution
		Debug|Any CPU = Debug|Any CPU
		Release|Any CPU = Release|Any CPU
	EndGlobalSection
	GlobalSection(ProjectConfigurationPlatforms) = postSolution
		{50756F4B-F128-4F56-B03C-5B110FE403AF}.Debug|Any CPU.ActiveCfg = Debug|Any CPU
		{50756F4B-F128-4F56-B03C-5B110FE403AF}.Debug|Any CPU.Build.0 = Debug|Any CPU
		{50756F4B-F128-4F56-B03C-5B110FE403AF}.Release|Any CPU.ActiveCfg = Release|Any CPU
		{50756F4B-F128-4F56-B03C-5B110FE403AF}.Release|Any CPU.Build.0 = Release|Any CPU
	EndGlobalSection
	GlobalSection(SolutionProperties) = preSolution
		HideSolutionNode = FALSE
	EndGlobalSection
	GlobalSection(ExtensibilityGlobals) = postSolution
		SolutionGuid = {6E46F39C-C62E-4E4C-9ADD-758D63132F60}
	EndGlobalSection
EndGlobal
