
Microsoft Visual Studio Solution File, Format Version 12.00
# Visual Studio 15
VisualStudioVersion = 15.0.28307.1062
MinimumVisualStudioVersion = 10.0.40219.1
Project("{FAE04EC0-301F-11D3-BF4B-00C04F79EFBC}") = "TIN415DE01-Project", "TIN415DE01-Project\TIN415DE01-Project.csproj", "{F8B12ED4-9D84-4B76-9C5E-4661701C9068}"
EndProject
Global
	GlobalSection(SolutionConfigurationPlatforms) = preSolution
		Debug|Any CPU = Debug|Any CPU
		Release|Any CPU = Release|Any CPU
	EndGlobalSection
	GlobalSection(ProjectConfigurationPlatforms) = postSolution
		{F8B12ED4-9D84-4B76-9C5E-4661701C9068}.Debug|Any CPU.ActiveCfg = Debug|Any CPU
		{F8B12ED4-9D84-4B76-9C5E-4661701C9068}.Debug|Any CPU.Build.0 = Debug|Any CPU
		{F8B12ED4-9D84-4B76-9C5E-4661701C9068}.Release|Any CPU.ActiveCfg = Release|Any CPU
		{F8B12ED4-9D84-4B76-9C5E-4661701C9068}.Release|Any CPU.Build.0 = Release|Any CPU
	EndGlobalSection
	GlobalSection(SolutionProperties) = preSolution
		HideSolutionNode = FALSE
	EndGlobalSection
	GlobalSection(ExtensibilityGlobals) = postSolution
		SolutionGuid = {0ABA90C0-994A-47D6-8183-9A22B5A0BB92}
	EndGlobalSection
EndGlobal
