
Microsoft Visual Studio Solution File, Format Version 12.00
# Visual Studio 15
VisualStudioVersion = 15.0.28307.1145
MinimumVisualStudioVersion = 10.0.40219.1
Project("{FAE04EC0-301F-11D3-BF4B-00C04F79EFBC}") = "WindowsFormsClientFirebase", "WindowsFormsClientFirebase\WindowsFormsClientFirebase.csproj", "{D2908A0A-7242-44B3-9C8D-1D182CE73496}"
EndProject
Global
	GlobalSection(SolutionConfigurationPlatforms) = preSolution
		Debug|Any CPU = Debug|Any CPU
		Release|Any CPU = Release|Any CPU
	EndGlobalSection
	GlobalSection(ProjectConfigurationPlatforms) = postSolution
		{D2908A0A-7242-44B3-9C8D-1D182CE73496}.Debug|Any CPU.ActiveCfg = Debug|Any CPU
		{D2908A0A-7242-44B3-9C8D-1D182CE73496}.Debug|Any CPU.Build.0 = Debug|Any CPU
		{D2908A0A-7242-44B3-9C8D-1D182CE73496}.Release|Any CPU.ActiveCfg = Release|Any CPU
		{D2908A0A-7242-44B3-9C8D-1D182CE73496}.Release|Any CPU.Build.0 = Release|Any CPU
	EndGlobalSection
	GlobalSection(SolutionProperties) = preSolution
		HideSolutionNode = FALSE
	EndGlobalSection
	GlobalSection(ExtensibilityGlobals) = postSolution
		SolutionGuid = {63BAAF59-BA41-4209-8F65-1859237E8867}
	EndGlobalSection
EndGlobal
